
Microsoft Visual Studio Solution File, Format Version 12.00
# Visual Studio 15
VisualStudioVersion = 15.0.27130.2026
MinimumVisualStudioVersion = 10.0.40219.1
Project("{FAE04EC0-301F-11D3-BF4B-00C04F79EFBC}") = "ApexSQLDemo", "ApexSQLDemo\ApexSQLDemo.csproj", "{FEABE4BE-0BDE-4525-8820-757EEDD9DD42}"
EndProject
Project("{2150E333-8FDC-42A3-9474-1A3956D46DE8}") = "ReadMe", "ReadMe", "{5EC0ED89-37EE-42D3-8019-7EB95A4696FC}"
	ProjectSection(SolutionItems) = preProject
		ApexSQL Software developer evaluation.pdf = ApexSQL Software developer evaluation.pdf
	EndProjectSection
EndProject
Global
	GlobalSection(SolutionConfigurationPlatforms) = preSolution
		Debug|Any CPU = Debug|Any CPU
		Release|Any CPU = Release|Any CPU
	EndGlobalSection
	GlobalSection(ProjectConfigurationPlatforms) = postSolution
		{FEABE4BE-0BDE-4525-8820-757EEDD9DD42}.Debug|Any CPU.ActiveCfg = Debug|Any CPU
		{FEABE4BE-0BDE-4525-8820-757EEDD9DD42}.Debug|Any CPU.Build.0 = Debug|Any CPU
		{FEABE4BE-0BDE-4525-8820-757EEDD9DD42}.Release|Any CPU.ActiveCfg = Release|Any CPU
		{FEABE4BE-0BDE-4525-8820-757EEDD9DD42}.Release|Any CPU.Build.0 = Release|Any CPU
	EndGlobalSection
	GlobalSection(SolutionProperties) = preSolution
		HideSolutionNode = FALSE
	EndGlobalSection
	GlobalSection(ExtensibilityGlobals) = postSolution
		SolutionGuid = {5912418D-2912-47D3-9597-C445072E3DC8}
	EndGlobalSection
EndGlobal
